
Microsoft Visual Studio Solution File, Format Version 12.00
# Visual Studio Version 16
VisualStudioVersion = 16.0.30907.101
MinimumVisualStudioVersion = 10.0.40219.1
Project("{FAE04EC0-301F-11D3-BF4B-00C04F79EFBC}") = "UD24-API", "UD24-API\UD24-API.csproj", "{DCD4DAE7-4FAA-42AD-BC92-1A4B2AEFCBC9}"
EndProject
Global
	GlobalSection(SolutionConfigurationPlatforms) = preSolution
		Debug|Any CPU = Debug|Any CPU
		Release|Any CPU = Release|Any CPU
	EndGlobalSection
	GlobalSection(ProjectConfigurationPlatforms) = postSolution
		{DCD4DAE7-4FAA-42AD-BC92-1A4B2AEFCBC9}.Debug|Any CPU.ActiveCfg = Debug|Any CPU
		{DCD4DAE7-4FAA-42AD-BC92-1A4B2AEFCBC9}.Debug|Any CPU.Build.0 = Debug|Any CPU
		{DCD4DAE7-4FAA-42AD-BC92-1A4B2AEFCBC9}.Release|Any CPU.ActiveCfg = Release|Any CPU
		{DCD4DAE7-4FAA-42AD-BC92-1A4B2AEFCBC9}.Release|Any CPU.Build.0 = Release|Any CPU
	EndGlobalSection
	GlobalSection(SolutionProperties) = preSolution
		HideSolutionNode = FALSE
	EndGlobalSection
	GlobalSection(ExtensibilityGlobals) = postSolution
		SolutionGuid = {C5D46A4B-60AB-4656-A675-9F086B01C072}
	EndGlobalSection
EndGlobal
